
Microsoft Visual Studio Solution File, Format Version 12.00
# Visual Studio 15
VisualStudioVersion = 15.0.28307.645
MinimumVisualStudioVersion = 10.0.40219.1
Project("{2150E333-8FDC-42A3-9474-1A3956D46DE8}") = "Configuration", "Configuration", "{CE4AC9B2-918B-4B8A-A3C6-73A2C4164DB2}"
	ProjectSection(SolutionItems) = preProject
		.editorconfig = .editorconfig
		.gitattributes = .gitattributes
		.gitignore = .gitignore
	EndProjectSection
EndProject
Project("{2150E333-8FDC-42A3-9474-1A3956D46DE8}") = "Documentation", "Documentation", "{0392A955-1272-43FE-9BF3-F9EAD6724A54}"
	ProjectSection(SolutionItems) = preProject
		Documentation\README.md = Documentation\README.md
	EndProjectSection
EndProject
Project("{2150E333-8FDC-42A3-9474-1A3956D46DE8}") = "UserInterface", "UserInterface", "{3380B199-59D0-4E43-9C9F-6C98EB8B34B9}"
EndProject
Project("{FAE04EC0-301F-11D3-BF4B-00C04F79EFBC}") = "SitecoreUrlShorter.Feature.UserInterface", "src\Feature\UserInterface\code\SitecoreUrlShorter.Feature.UserInterface.csproj", "{55517925-57AA-4275-8270-397FCC5023CB}"
EndProject
Project("{2150E333-8FDC-42A3-9474-1A3956D46DE8}") = "Project", "Project", "{5DAA84C3-55D9-4118-94D2-44D306FEB432}"
EndProject
Project("{2150E333-8FDC-42A3-9474-1A3956D46DE8}") = "Feature", "Feature", "{1C5D3719-6D83-4F31-B74F-B95D3FF38880}"
EndProject
Project("{2150E333-8FDC-42A3-9474-1A3956D46DE8}") = "Foundation", "Foundation", "{38C266DD-13BB-46E8-8394-73AFA540EA97}"
EndProject
Project("{2150E333-8FDC-42A3-9474-1A3956D46DE8}") = "Data", "Data", "{BC2D0D8C-AB1F-4E06-9ADE-4F0486D5DE80}"
EndProject
Project("{FAE04EC0-301F-11D3-BF4B-00C04F79EFBC}") = "SitecoreUrlShorter.Foundation.Data", "src\Foundation\Data\code\SitecoreUrlShorter.Foundation.Data.csproj", "{F25AB760-8C5C-4B48-AAB4-645368FE26F3}"
EndProject
Project("{2150E333-8FDC-42A3-9474-1A3956D46DE8}") = "Core", "Core", "{075E8DA7-6BD3-47B9-AA63-C98C2E394935}"
EndProject
Project("{FAE04EC0-301F-11D3-BF4B-00C04F79EFBC}") = "SitecoreUrlShorter.Feature.Core", "src\Feature\Core\code\SitecoreUrlShorter.Feature.Core.csproj", "{F39328A4-9A9D-4AE3-9954-DCC5B85AA789}"
EndProject
Project("{FAE04EC0-301F-11D3-BF4B-00C04F79EFBC}") = "SitecoreUrlShorter.Feature.Core.Tests", "src\Feature\Core\tests\SitecoreUrlShorter.Feature.Core.Tests.csproj", "{E5440BBC-40E2-4A1E-A57E-870A49B92E53}"
EndProject
Global
	GlobalSection(SolutionConfigurationPlatforms) = preSolution
		Debug|Any CPU = Debug|Any CPU
		Release|Any CPU = Release|Any CPU
	EndGlobalSection
	GlobalSection(ProjectConfigurationPlatforms) = postSolution
		{55517925-57AA-4275-8270-397FCC5023CB}.Debug|Any CPU.ActiveCfg = Debug|Any CPU
		{55517925-57AA-4275-8270-397FCC5023CB}.Debug|Any CPU.Build.0 = Debug|Any CPU
		{55517925-57AA-4275-8270-397FCC5023CB}.Release|Any CPU.ActiveCfg = Release|Any CPU
		{55517925-57AA-4275-8270-397FCC5023CB}.Release|Any CPU.Build.0 = Release|Any CPU
		{F25AB760-8C5C-4B48-AAB4-645368FE26F3}.Debug|Any CPU.ActiveCfg = Debug|Any CPU
		{F25AB760-8C5C-4B48-AAB4-645368FE26F3}.Debug|Any CPU.Build.0 = Debug|Any CPU
		{F25AB760-8C5C-4B48-AAB4-645368FE26F3}.Release|Any CPU.ActiveCfg = Release|Any CPU
		{F25AB760-8C5C-4B48-AAB4-645368FE26F3}.Release|Any CPU.Build.0 = Release|Any CPU
		{F39328A4-9A9D-4AE3-9954-DCC5B85AA789}.Debug|Any CPU.ActiveCfg = Debug|Any CPU
		{F39328A4-9A9D-4AE3-9954-DCC5B85AA789}.Debug|Any CPU.Build.0 = Debug|Any CPU
		{F39328A4-9A9D-4AE3-9954-DCC5B85AA789}.Release|Any CPU.ActiveCfg = Release|Any CPU
		{F39328A4-9A9D-4AE3-9954-DCC5B85AA789}.Release|Any CPU.Build.0 = Release|Any CPU
		{E5440BBC-40E2-4A1E-A57E-870A49B92E53}.Debug|Any CPU.ActiveCfg = Debug|Any CPU
		{E5440BBC-40E2-4A1E-A57E-870A49B92E53}.Debug|Any CPU.Build.0 = Debug|Any CPU
		{E5440BBC-40E2-4A1E-A57E-870A49B92E53}.Release|Any CPU.ActiveCfg = Release|Any CPU
		{E5440BBC-40E2-4A1E-A57E-870A49B92E53}.Release|Any CPU.Build.0 = Release|Any CPU
	EndGlobalSection
	GlobalSection(SolutionProperties) = preSolution
		HideSolutionNode = FALSE
	EndGlobalSection
	GlobalSection(NestedProjects) = preSolution
		{3380B199-59D0-4E43-9C9F-6C98EB8B34B9} = {1C5D3719-6D83-4F31-B74F-B95D3FF38880}
		{55517925-57AA-4275-8270-397FCC5023CB} = {3380B199-59D0-4E43-9C9F-6C98EB8B34B9}
		{BC2D0D8C-AB1F-4E06-9ADE-4F0486D5DE80} = {38C266DD-13BB-46E8-8394-73AFA540EA97}
		{F25AB760-8C5C-4B48-AAB4-645368FE26F3} = {BC2D0D8C-AB1F-4E06-9ADE-4F0486D5DE80}
		{075E8DA7-6BD3-47B9-AA63-C98C2E394935} = {1C5D3719-6D83-4F31-B74F-B95D3FF38880}
		{F39328A4-9A9D-4AE3-9954-DCC5B85AA789} = {075E8DA7-6BD3-47B9-AA63-C98C2E394935}
		{E5440BBC-40E2-4A1E-A57E-870A49B92E53} = {075E8DA7-6BD3-47B9-AA63-C98C2E394935}
	EndGlobalSection
	GlobalSection(ExtensibilityGlobals) = postSolution
		SolutionGuid = {16049732-D510-4140-81B9-853C6E3BFE4C}
	EndGlobalSection
EndGlobal
